
Microsoft Visual Studio Solution File, Format Version 12.00
# Visual Studio Version 17
VisualStudioVersion = 17.13.36105.23 d17.13
MinimumVisualStudioVersion = 10.0.40219.1
Project("{FAE04EC0-301F-11D3-BF4B-00C04F79EFBC}") = "TournamentAPI", "TournamentAPI.csproj", "{80ADA061-EA86-4886-B91A-ABB20F05375A}"
EndProject
Global
	GlobalSection(SolutionConfigurationPlatforms) = preSolution
		Debug|Any CPU = Debug|Any CPU
		Release|Any CPU = Release|Any CPU
	EndGlobalSection
	GlobalSection(ProjectConfigurationPlatforms) = postSolution
		{80ADA061-EA86-4886-B91A-ABB20F05375A}.Debug|Any CPU.ActiveCfg = Debug|Any CPU
		{80ADA061-EA86-4886-B91A-ABB20F05375A}.Debug|Any CPU.Build.0 = Debug|Any CPU
		{80ADA061-EA86-4886-B91A-ABB20F05375A}.Release|Any CPU.ActiveCfg = Release|Any CPU
		{80ADA061-EA86-4886-B91A-ABB20F05375A}.Release|Any CPU.Build.0 = Release|Any CPU
	EndGlobalSection
	GlobalSection(SolutionProperties) = preSolution
		HideSolutionNode = FALSE
	EndGlobalSection
	GlobalSection(ExtensibilityGlobals) = postSolution
		SolutionGuid = {FBC694AA-7349-4391-9A3A-7C7C93004EA0}
	EndGlobalSection
EndGlobal
